
Microsoft Visual Studio Solution File, Format Version 12.00
# Visual Studio Version 16
VisualStudioVersion = 16.0.30717.126
MinimumVisualStudioVersion = 10.0.40219.1
Project("{FAE04EC0-301F-11D3-BF4B-00C04F79EFBC}") = "TiliToli", "TiliToli\TiliToli.csproj", "{F9267640-38CE-45DF-955D-EF15B08CA19E}"
EndProject
Global
	GlobalSection(SolutionConfigurationPlatforms) = preSolution
		Debug|Any CPU = Debug|Any CPU
		Release|Any CPU = Release|Any CPU
	EndGlobalSection
	GlobalSection(ProjectConfigurationPlatforms) = postSolution
		{F9267640-38CE-45DF-955D-EF15B08CA19E}.Debug|Any CPU.ActiveCfg = Debug|Any CPU
		{F9267640-38CE-45DF-955D-EF15B08CA19E}.Debug|Any CPU.Build.0 = Debug|Any CPU
		{F9267640-38CE-45DF-955D-EF15B08CA19E}.Release|Any CPU.ActiveCfg = Release|Any CPU
		{F9267640-38CE-45DF-955D-EF15B08CA19E}.Release|Any CPU.Build.0 = Release|Any CPU
	EndGlobalSection
	GlobalSection(SolutionProperties) = preSolution
		HideSolutionNode = FALSE
	EndGlobalSection
	GlobalSection(ExtensibilityGlobals) = postSolution
		SolutionGuid = {BD600BCF-A2FF-45DC-A766-24CD8CA07F95}
	EndGlobalSection
EndGlobal
